
Microsoft Visual Studio Solution File, Format Version 12.00
# Visual Studio Version 17
VisualStudioVersion = 17.0.32112.339
MinimumVisualStudioVersion = 10.0.40219.1
Project("{FAE04EC0-301F-11D3-BF4B-00C04F79EFBC}") = "RepoGrinder", "RepoGrinder\RepoGrinder.csproj", "{3A09F13E-F465-42D4-ACEF-7E5016E4E819}"
EndProject
Project("{FAE04EC0-301F-11D3-BF4B-00C04F79EFBC}") = "RepoGrinder.Tests", "RepoGrinder.Tests\RepoGrinder.Tests.csproj", "{291940FE-7B84-4023-B9BA-97D83E4B358B}"
EndProject
Project("{FAE04EC0-301F-11D3-BF4B-00C04F79EFBC}") = "RepoGrinder.Github.Client", "RepoGrinder.Github.Client\RepoGrinder.Github.Client.csproj", "{603A89DC-907F-406D-A25C-43984C4F4B26}"
EndProject
Project("{FAE04EC0-301F-11D3-BF4B-00C04F79EFBC}") = "RepoGrinder.Core.Client", "RepoGrinder.Core.Client\RepoGrinder.Core.Client.csproj", "{431C32E9-6A5B-46EA-83FB-28D7161D2367}"
EndProject
Project("{2150E333-8FDC-42A3-9474-1A3956D46DE8}") = "Solution Items", "Solution Items", "{4DB23EB0-D631-48DC-940A-1932EA651422}"
	ProjectSection(SolutionItems) = preProject
		docker-compose.yml = docker-compose.yml
		README.md = README.md
	EndProjectSection
EndProject
Global
	GlobalSection(SolutionConfigurationPlatforms) = preSolution
		Debug|Any CPU = Debug|Any CPU
		Release|Any CPU = Release|Any CPU
	EndGlobalSection
	GlobalSection(ProjectConfigurationPlatforms) = postSolution
		{3A09F13E-F465-42D4-ACEF-7E5016E4E819}.Debug|Any CPU.ActiveCfg = Debug|Any CPU
		{3A09F13E-F465-42D4-ACEF-7E5016E4E819}.Debug|Any CPU.Build.0 = Debug|Any CPU
		{3A09F13E-F465-42D4-ACEF-7E5016E4E819}.Release|Any CPU.ActiveCfg = Release|Any CPU
		{3A09F13E-F465-42D4-ACEF-7E5016E4E819}.Release|Any CPU.Build.0 = Release|Any CPU
		{291940FE-7B84-4023-B9BA-97D83E4B358B}.Debug|Any CPU.ActiveCfg = Debug|Any CPU
		{291940FE-7B84-4023-B9BA-97D83E4B358B}.Debug|Any CPU.Build.0 = Debug|Any CPU
		{291940FE-7B84-4023-B9BA-97D83E4B358B}.Release|Any CPU.ActiveCfg = Release|Any CPU
		{291940FE-7B84-4023-B9BA-97D83E4B358B}.Release|Any CPU.Build.0 = Release|Any CPU
		{603A89DC-907F-406D-A25C-43984C4F4B26}.Debug|Any CPU.ActiveCfg = Debug|Any CPU
		{603A89DC-907F-406D-A25C-43984C4F4B26}.Debug|Any CPU.Build.0 = Debug|Any CPU
		{603A89DC-907F-406D-A25C-43984C4F4B26}.Release|Any CPU.ActiveCfg = Release|Any CPU
		{603A89DC-907F-406D-A25C-43984C4F4B26}.Release|Any CPU.Build.0 = Release|Any CPU
		{431C32E9-6A5B-46EA-83FB-28D7161D2367}.Debug|Any CPU.ActiveCfg = Debug|Any CPU
		{431C32E9-6A5B-46EA-83FB-28D7161D2367}.Debug|Any CPU.Build.0 = Debug|Any CPU
		{431C32E9-6A5B-46EA-83FB-28D7161D2367}.Release|Any CPU.ActiveCfg = Release|Any CPU
		{431C32E9-6A5B-46EA-83FB-28D7161D2367}.Release|Any CPU.Build.0 = Release|Any CPU
	EndGlobalSection
	GlobalSection(SolutionProperties) = preSolution
		HideSolutionNode = FALSE
	EndGlobalSection
	GlobalSection(ExtensibilityGlobals) = postSolution
		SolutionGuid = {36A6E062-0F06-4D00-BCF6-F642595D1CA7}
	EndGlobalSection
EndGlobal
